[[package]]
name = "peewee"
version = "3.15.1"
description = "a little orm"
category = "main"
optional = false
python-versions = "*"

[metadata]
lock-version = "1.1"
python-versions = "3.7.5"
content-hash = "7019a3e0348f94ab5d7bfb2f09a8c4996f8de46d4b059d67160bbbf9492081f6"

[metadata.files]
peewee = []
